
Microsoft Visual Studio Solution File, Format Version 12.00
# Visual Studio Version 16
VisualStudioVersion = 16.0.30523.141
MinimumVisualStudioVersion = 10.0.40219.1
Project("{9A19103F-16F7-4668-BE54-9A1E7A4F7556}") = "PeerGrade3", "PeerGrade3\PeerGrade3.csproj", "{2F41CAED-0AF5-4355-BA1E-0E40F4BFFBDA}"
EndProject
Global
	GlobalSection(SolutionConfigurationPlatforms) = preSolution
		Debug|Any CPU = Debug|Any CPU
		Release|Any CPU = Release|Any CPU
	EndGlobalSection
	GlobalSection(ProjectConfigurationPlatforms) = postSolution
		{2F41CAED-0AF5-4355-BA1E-0E40F4BFFBDA}.Debug|Any CPU.ActiveCfg = Debug|Any CPU
		{2F41CAED-0AF5-4355-BA1E-0E40F4BFFBDA}.Debug|Any CPU.Build.0 = Debug|Any CPU
		{2F41CAED-0AF5-4355-BA1E-0E40F4BFFBDA}.Release|Any CPU.ActiveCfg = Release|Any CPU
		{2F41CAED-0AF5-4355-BA1E-0E40F4BFFBDA}.Release|Any CPU.Build.0 = Release|Any CPU
	EndGlobalSection
	GlobalSection(SolutionProperties) = preSolution
		HideSolutionNode = FALSE
	EndGlobalSection
	GlobalSection(ExtensibilityGlobals) = postSolution
		SolutionGuid = {7B218D88-71A8-40BF-AEC1-BF76920CFF6B}
	EndGlobalSection
EndGlobal
