
Microsoft Visual Studio Solution File, Format Version 12.00
# Visual Studio Version 16
VisualStudioVersion = 16.0.30523.141
MinimumVisualStudioVersion = 10.0.40219.1
Project("{9A19103F-16F7-4668-BE54-9A1E7A4F7556}") = "PeerGrade2", "PeerGrade2\PeerGrade2.csproj", "{AD2CAB6E-02B6-47C8-8537-9D9BE063B36D}"
EndProject
Global
	GlobalSection(SolutionConfigurationPlatforms) = preSolution
		Debug|Any CPU = Debug|Any CPU
		Release|Any CPU = Release|Any CPU
	EndGlobalSection
	GlobalSection(ProjectConfigurationPlatforms) = postSolution
		{AD2CAB6E-02B6-47C8-8537-9D9BE063B36D}.Debug|Any CPU.ActiveCfg = Debug|Any CPU
		{AD2CAB6E-02B6-47C8-8537-9D9BE063B36D}.Debug|Any CPU.Build.0 = Debug|Any CPU
		{AD2CAB6E-02B6-47C8-8537-9D9BE063B36D}.Release|Any CPU.ActiveCfg = Release|Any CPU
		{AD2CAB6E-02B6-47C8-8537-9D9BE063B36D}.Release|Any CPU.Build.0 = Release|Any CPU
	EndGlobalSection
	GlobalSection(SolutionProperties) = preSolution
		HideSolutionNode = FALSE
	EndGlobalSection
	GlobalSection(ExtensibilityGlobals) = postSolution
		SolutionGuid = {702165CE-E074-4871-B620-9D71F64A2D6E}
	EndGlobalSection
EndGlobal
